
Microsoft Visual Studio Solution File, Format Version 12.00
# Visual Studio Version 16
VisualStudioVersion = 16.0.30611.23
MinimumVisualStudioVersion = 10.0.40219.1
Project("{FAE04EC0-301F-11D3-BF4B-00C04F79EFBC}") = "ConsoleRESTClient", "ConsoleRESTClient\ConsoleRESTClient.csproj", "{63F535C9-8116-4F9A-B8B2-90AD726D4486}"
EndProject
Global
	GlobalSection(SolutionConfigurationPlatforms) = preSolution
		Debug|Any CPU = Debug|Any CPU
		Release|Any CPU = Release|Any CPU
	EndGlobalSection
	GlobalSection(ProjectConfigurationPlatforms) = postSolution
		{63F535C9-8116-4F9A-B8B2-90AD726D4486}.Debug|Any CPU.ActiveCfg = Debug|Any CPU
		{63F535C9-8116-4F9A-B8B2-90AD726D4486}.Debug|Any CPU.Build.0 = Debug|Any CPU
		{63F535C9-8116-4F9A-B8B2-90AD726D4486}.Release|Any CPU.ActiveCfg = Release|Any CPU
		{63F535C9-8116-4F9A-B8B2-90AD726D4486}.Release|Any CPU.Build.0 = Release|Any CPU
	EndGlobalSection
	GlobalSection(SolutionProperties) = preSolution
		HideSolutionNode = FALSE
	EndGlobalSection
	GlobalSection(ExtensibilityGlobals) = postSolution
		SolutionGuid = {53484400-10D0-411A-8D91-9DA82C97025B}
	EndGlobalSection
EndGlobal
